
Microsoft Visual Studio Solution File, Format Version 12.00
# Visual Studio Version 17
VisualStudioVersion = 17.2.32616.157
MinimumVisualStudioVersion = 10.0.40219.1
Project("{8BC9CEB8-8B4A-11D0-8D11-00A0C91BC942}") = "21.09.2022 Шаблоны классов. Финал", "21.09.2022 Шаблоны классов. Финал.vcxproj", "{812C7A30-3F41-4BDA-882B-DFF2C23375DF}"
EndProject
Global
	GlobalSection(SolutionConfigurationPlatforms) = preSolution
		Debug|x64 = Debug|x64
		Debug|x86 = Debug|x86
		Release|x64 = Release|x64
		Release|x86 = Release|x86
	EndGlobalSection
	GlobalSection(ProjectConfigurationPlatforms) = postSolution
		{812C7A30-3F41-4BDA-882B-DFF2C23375DF}.Debug|x64.ActiveCfg = Debug|x64
		{812C7A30-3F41-4BDA-882B-DFF2C23375DF}.Debug|x64.Build.0 = Debug|x64
		{812C7A30-3F41-4BDA-882B-DFF2C23375DF}.Debug|x86.ActiveCfg = Debug|Win32
		{812C7A30-3F41-4BDA-882B-DFF2C23375DF}.Debug|x86.Build.0 = Debug|Win32
		{812C7A30-3F41-4BDA-882B-DFF2C23375DF}.Release|x64.ActiveCfg = Release|x64
		{812C7A30-3F41-4BDA-882B-DFF2C23375DF}.Release|x64.Build.0 = Release|x64
		{812C7A30-3F41-4BDA-882B-DFF2C23375DF}.Release|x86.ActiveCfg = Release|Win32
		{812C7A30-3F41-4BDA-882B-DFF2C23375DF}.Release|x86.Build.0 = Release|Win32
	EndGlobalSection
	GlobalSection(SolutionProperties) = preSolution
		HideSolutionNode = FALSE
	EndGlobalSection
	GlobalSection(ExtensibilityGlobals) = postSolution
		SolutionGuid = {19FF3285-F8E2-4522-9DE8-178A1FC70C4D}
	EndGlobalSection
EndGlobal
